// !$*UTF8*$!
{
	archiveVersion = 1;
	classes = {
	};
	objectVersion = 50;
	objects = {

/* Begin PBXBuildFile section */
		C27C58C2243E4F0A00B90A95 /* DetailController.swift in Sources */ = {isa = PBXBuildFile; fileRef = C27C58C1243E4F0A00B90A95 /* DetailController.swift */; };
		C27C58C4243E571500B90A95 /* Service.swift in Sources */ = {isa = PBXBuildFile; fileRef = C27C58C3243E571500B90A95 /* Service.swift */; };
		C27C58C6243E572A00B90A95 /* Model.swift in Sources */ = {isa = PBXBuildFile; fileRef = C27C58C5243E572A00B90A95 /* Model.swift */; };
		C27C58C8243E573800B90A95 /* TableViewCell.swift in Sources */ = {isa = PBXBuildFile; fileRef = C27C58C7243E573800B90A95 /* TableViewCell.swift */; };
		C27C58CA243E577800B90A95 /* ImageService.swift in Sources */ = {isa = PBXBuildFile; fileRef = C27C58C9243E577800B90A95 /* ImageService.swift */; };
		C27C58CC243E5BA200B90A95 /* OriginClass.swift in Sources */ = {isa = PBXBuildFile; fileRef = C27C58CB243E5BA200B90A95 /* OriginClass.swift */; };
		C27C58CE243E5BDE00B90A95 /* LocationClass.swift in Sources */ = {isa = PBXBuildFile; fileRef = C27C58CD243E5BDE00B90A95 /* LocationClass.swift */; };
		C28B074E243A06AC00026B03 /* AppDelegate.swift in Sources */ = {isa = PBXBuildFile; fileRef = C28B074D243A06AC00026B03 /* AppDelegate.swift */; };
		C28B0750243A06AC00026B03 /* SceneDelegate.swift in Sources */ = {isa = PBXBuildFile; fileRef = C28B074F243A06AC00026B03 /* SceneDelegate.swift */; };
		C28B0752243A06AC00026B03 /* ViewController.swift in Sources */ = {isa = PBXBuildFile; fileRef = C28B0751243A06AC00026B03 /* ViewController.swift */; };
		C28B0755243A06AC00026B03 /* Main.storyboard in Resources */ = {isa = PBXBuildFile; fileRef = C28B0753243A06AC00026B03 /* Main.storyboard */; };
		C28B0757243A06AD00026B03 /* Assets.xcassets in Resources */ = {isa = PBXBuildFile; fileRef = C28B0756243A06AD00026B03 /* Assets.xcassets */; };
		C28B075A243A06AD00026B03 /* LaunchScreen.storyboard in Resources */ = {isa = PBXBuildFile; fileRef = C28B0758243A06AD00026B03 /* LaunchScreen.storyboard */; };
		C2F3D8D524406CD900CE2078 /* Info.swift in Sources */ = {isa = PBXBuildFile; fileRef = C2F3D8D424406CD900CE2078 /* Info.swift */; };
/* End PBXBuildFile section */

/* Begin PBXFileReference section */
		C27C58C1243E4F0A00B90A95 /* DetailController.swift */ = {isa = PBXFileReference; lastKnownFileType = sourcecode.swift; path = DetailController.swift; sourceTree = "<group>"; };
		C27C58C3243E571500B90A95 /* Service.swift */ = {isa = PBXFileReference; lastKnownFileType = sourcecode.swift; path = Service.swift; sourceTree = "<group>"; };
		C27C58C5243E572A00B90A95 /* Model.swift */ = {isa = PBXFileReference; lastKnownFileType = sourcecode.swift; path = Model.swift; sourceTree = "<group>"; };
		C27C58C7243E573800B90A95 /* TableViewCell.swift */ = {isa = PBXFileReference; lastKnownFileType = sourcecode.swift; path = TableViewCell.swift; sourceTree = "<group>"; };
		C27C58C9243E577800B90A95 /* ImageService.swift */ = {isa = PBXFileReference; lastKnownFileType = sourcecode.swift; path = ImageService.swift; sourceTree = "<group>"; };
		C27C58CB243E5BA200B90A95 /* OriginClass.swift */ = {isa = PBXFileReference; lastKnownFileType = sourcecode.swift; path = OriginClass.swift; sourceTree = "<group>"; };
		C27C58CD243E5BDE00B90A95 /* LocationClass.swift */ = {isa = PBXFileReference; lastKnownFileType = sourcecode.swift; path = LocationClass.swift; sourceTree = "<group>"; };
		C28B074A243A06AC00026B03 /* TableView.app */ = {isa = PBXFileReference; explicitFileType = wrapper.application; includeInIndex = 0; path = TableView.app; sourceTree = BUILT_PRODUCTS_DIR; };
		C28B074D243A06AC00026B03 /* AppDelegate.swift */ = {isa = PBXFileReference; lastKnownFileType = sourcecode.swift; path = AppDelegate.swift; sourceTree = "<group>"; };
		C28B074F243A06AC00026B03 /* SceneDelegate.swift */ = {isa = PBXFileReference; lastKnownFileType = sourcecode.swift; path = SceneDelegate.swift; sourceTree = "<group>"; };
		C28B0751243A06AC00026B03 /* ViewController.swift */ = {isa = PBXFileReference; lastKnownFileType = sourcecode.swift; path = ViewController.swift; sourceTree = "<group>"; };
		C28B0754243A06AC00026B03 /* Base */ = {isa = PBXFileReference; lastKnownFileType = file.storyboard; name = Base; path = Base.lproj/Main.storyboard; sourceTree = "<group>"; };
		C28B0756243A06AD00026B03 /* Assets.xcassets */ = {isa = PBXFileReference; lastKnownFileType = folder.assetcatalog; path = Assets.xcassets; sourceTree = "<group>"; };
		C28B0759243A06AD00026B03 /* Base */ = {isa = PBXFileReference; lastKnownFileType = file.storyboard; name = Base; path = Base.lproj/LaunchScreen.storyboard; sourceTree = "<group>"; };
		C28B075B243A06AD00026B03 /* Info.plist */ = {isa = PBXFileReference; lastKnownFileType = text.plist.xml; path = Info.plist; sourceTree = "<group>"; };
		C2F3D8D424406CD900CE2078 /* Info.swift */ = {isa = PBXFileReference; lastKnownFileType = sourcecode.swift; path = Info.swift; sourceTree = "<group>"; };
/* End PBXFileReference section */

/* Begin PBXFrameworksBuildPhase section */
		C28B0747243A06AC00026B03 /* Frameworks */ = {
			isa = PBXFrameworksBuildPhase;
			buildActionMask = 2147483647;
			files = (
			);
			runOnlyForDeploymentPostprocessing = 0;
		};
/* End PBXFrameworksBuildPhase section */

/* Begin PBXGroup section */
		C28B0741243A06AC00026B03 = {
			isa = PBXGroup;
			children = (
				C28B074C243A06AC00026B03 /* TableView */,
				C28B074B243A06AC00026B03 /* Products */,
			);
			sourceTree = "<group>";
		};
		C28B074B243A06AC00026B03 /* Products */ = {
			isa = PBXGroup;
			children = (
				C28B074A243A06AC00026B03 /* TableView.app */,
			);
			name = Products;
			sourceTree = "<group>";
		};
		C28B074C243A06AC00026B03 /* TableView */ = {
			isa = PBXGroup;
			children = (
				C28B074D243A06AC00026B03 /* AppDelegate.swift */,
				C28B074F243A06AC00026B03 /* SceneDelegate.swift */,
				C28B0751243A06AC00026B03 /* ViewController.swift */,
				C28B0753243A06AC00026B03 /* Main.storyboard */,
				C28B0756243A06AD00026B03 /* Assets.xcassets */,
				C28B0758243A06AD00026B03 /* LaunchScreen.storyboard */,
				C28B075B243A06AD00026B03 /* Info.plist */,
				C27C58C1243E4F0A00B90A95 /* DetailController.swift */,
				C27C58C3243E571500B90A95 /* Service.swift */,
				C27C58C5243E572A00B90A95 /* Model.swift */,
				C27C58C7243E573800B90A95 /* TableViewCell.swift */,
				C27C58C9243E577800B90A95 /* ImageService.swift */,
				C27C58CB243E5BA200B90A95 /* OriginClass.swift */,
				C27C58CD243E5BDE00B90A95 /* LocationClass.swift */,
				C2F3D8D424406CD900CE2078 /* Info.swift */,
			);
			path = TableView;
			sourceTree = "<group>";
		};
/* End PBXGroup section */

/* Begin PBXNativeTarget section */
		C28B0749243A06AC00026B03 /* TableView */ = {
			isa = PBXNativeTarget;
			buildConfigurationList = C28B075E243A06AD00026B03 /* Build configuration list for PBXNativeTarget "TableView" */;
			buildPhases = (
				C28B0746243A06AC00026B03 /* Sources */,
				C28B0747243A06AC00026B03 /* Frameworks */,
				C28B0748243A06AC00026B03 /* Resources */,
			);
			buildRules = (
			);
			dependencies = (
			);
			name = TableView;
			productName = TableView;
			productReference = C28B074A243A06AC00026B03 /* TableView.app */;
			productType = "com.apple.product-type.application";
		};
/* End PBXNativeTarget section */

/* Begin PBXProject section */
		C28B0742243A06AC00026B03 /* Project object */ = {
			isa = PBXProject;
			attributes = {
				LastSwiftUpdateCheck = 1130;
				LastUpgradeCheck = 1130;
				ORGANIZATIONNAME = "Elnara ";
				TargetAttributes = {
					C28B0749243A06AC00026B03 = {
						CreatedOnToolsVersion = 11.3.1;
					};
				};
			};
			buildConfigurationList = C28B0745243A06AC00026B03 /* Build configuration list for PBXProject "TableView" */;
			compatibilityVersion = "Xcode 9.3";
			developmentRegion = en;
			hasScannedForEncodings = 0;
			knownRegions = (
				en,
				Base,
			);
			mainGroup = C28B0741243A06AC00026B03;
			productRefGroup = C28B074B243A06AC00026B03 /* Products */;
			projectDirPath = "";
			projectRoot = "";
			targets = (
				C28B0749243A06AC00026B03 /* TableView */,
			);
		};
/* End PBXProject section */

/* Begin PBXResourcesBuildPhase section */
		C28B0748243A06AC00026B03 /* Resources */ = {
			isa = PBXResourcesBuildPhase;
			buildActionMask = 2147483647;
			files = (
				C28B075A243A06AD00026B03 /* LaunchScreen.storyboard in Resources */,
				C28B0757243A06AD00026B03 /* Assets.xcassets in Resources */,
				C28B0755243A06AC00026B03 /* Main.storyboard in Resources */,
			);
			runOnlyForDeploymentPostprocessing = 0;
		};
/* End PBXResourcesBuildPhase section */

/* Begin PBXSourcesBuildPhase section */
		C28B0746243A06AC00026B03 /* Sources */ = {
			isa = PBXSourcesBuildPhase;
			buildActionMask = 2147483647;
			files = (
				C27C58C2243E4F0A00B90A95 /* DetailController.swift in Sources */,
				C27C58CE243E5BDE00B90A95 /* LocationClass.swift in Sources */,
				C27C58CA243E577800B90A95 /* ImageService.swift in Sources */,
				C28B0752243A06AC00026B03 /* ViewController.swift in Sources */,
				C27C58C8243E573800B90A95 /* TableViewCell.swift in Sources */,
				C27C58C4243E571500B90A95 /* Service.swift in Sources */,
				C27C58C6243E572A00B90A95 /* Model.swift in Sources */,
				C28B074E243A06AC00026B03 /* AppDelegate.swift in Sources */,
				C28B0750243A06AC00026B03 /* SceneDelegate.swift in Sources */,
				C27C58CC243E5BA200B90A95 /* OriginClass.swift in Sources */,
				C2F3D8D524406CD900CE2078 /* Info.swift in Sources */,
			);
			runOnlyForDeploymentPostprocessing = 0;
		};
/* End PBXSourcesBuildPhase section */

/* Begin PBXVariantGroup section */
		C28B0753243A06AC00026B03 /* Main.storyboard */ = {
			isa = PBXVariantGroup;
			children = (
				C28B0754243A06AC00026B03 /* Base */,
			);
			name = Main.storyboard;
			sourceTree = "<group>";
		};
		C28B0758243A06AD00026B03 /* LaunchScreen.storyboard */ = {
			isa = PBXVariantGroup;
			children = (
				C28B0759243A06AD00026B03 /* Base */,
			);
			name = LaunchScreen.storyboard;
			sourceTree = "<group>";
		};
/* End PBXVariantGroup section */

/* Begin XCBuildConfiguration section */
		C28B075C243A06AD00026B03 /* Debug */ = {
			isa = XCBuildConfiguration;
			buildSettings = {
				ALWAYS_SEARCH_USER_PATHS = NO;
				CLANG_ANALYZER_NONNULL = YES;
				CLANG_ANALYZER_NUMBER_OBJECT_CONVERSION = YES_AGGRESSIVE;
				CLANG_CXX_LANGUAGE_STANDARD = "gnu++14";
				CLANG_CXX_LIBRARY = "libc++";
				CLANG_ENABLE_MODULES = YES;
				CLANG_ENABLE_OBJC_ARC = YES;
				CLANG_ENABLE_OBJC_WEAK = YES;
				CLANG_WARN_BLOCK_CAPTURE_AUTORELEASING = YES;
				CLANG_WARN_BOOL_CONVERSION = YES;
				CLANG_WARN_COMMA = YES;
				CLANG_WARN_CONSTANT_CONVERSION = YES;
				CLANG_WARN_DEPRECATED_OBJC_IMPLEMENTATIONS = YES;
				CLANG_WARN_DIRECT_OBJC_ISA_USAGE = YES_ERROR;
				CLANG_WARN_DOCUMENTATION_COMMENTS = YES;
				CLANG_WARN_EMPTY_BODY = YES;
				CLANG_WARN_ENUM_CONVERSION = YES;
				CLANG_WARN_INFINITE_RECURSION = YES;
				CLANG_WARN_INT_CONVERSION = YES;
				CLANG_WARN_NON_LITERAL_NULL_CONVERSION = YES;
				CLANG_WARN_OBJC_IMPLICIT_RETAIN_SELF = YES;
				CLANG_WARN_OBJC_LITERAL_CONVERSION = YES;
				CLANG_WARN_OBJC_ROOT_CLASS = YES_ERROR;
				CLANG_WARN_RANGE_LOOP_ANALYSIS = YES;
				CLANG_WARN_STRICT_PROTOTYPES = YES;
				CLANG_WARN_SUSPICIOUS_MOVE = YES;
				CLANG_WARN_UNGUARDED_AVAILABILITY = YES_AGGRESSIVE;
				CLANG_WARN_UNREACHABLE_CODE = YES;
				CLANG_WARN__DUPLICATE_METHOD_MATCH = YES;
				COPY_PHASE_STRIP = NO;
				DEBUG_INFORMATION_FORMAT = dwarf;
				ENABLE_STRICT_OBJC_MSGSEND = YES;
				ENABLE_TESTABILITY = YES;
				GCC_C_LANGUAGE_STANDARD = gnu11;
				GCC_DYNAMIC_NO_PIC = NO;
				GCC_NO_COMMON_BLOCKS = YES;
				GCC_OPTIMIZATION_LEVEL = 0;
				GCC_PREPROCESSOR_DEFINITIONS = (
					"DEBUG=1",
					"$(inherited)",
				);
				GCC_WARN_64_TO_32_BIT_CONVERSION = YES;
				GCC_WARN_ABOUT_RETURN_TYPE = YES_ERROR;
				GCC_WARN_UNDECLARED_SELECTOR = YES;
				GCC_WARN_UNINITIALIZED_AUTOS = YES_AGGRESSIVE;
				GCC_WARN_UNUSED_FUNCTION = YES;
				GCC_WARN_UNUSED_VARIABLE = YES;
				IPHONEOS_DEPLOYMENT_TARGET = 13.2;
				MTL_ENABLE_DEBUG_INFO = INCLUDE_SOURCE;
				MTL_FAST_MATH = YES;
				ONLY_ACTIVE_ARCH = YES;
				SDKROOT = iphoneos;
				SWIFT_ACTIVE_COMPILATION_CONDITIONS = DEBUG;
				SWIFT_OPTIMIZATION_LEVEL = "-Onone";
			};
			name = Debug;
		};
		C28B075D243A06AD00026B03 /* Release */ = {
			isa = XCBuildConfiguration;
			buildSettings = {
				ALWAYS_SEARCH_USER_PATHS = NO;
				CLANG_ANALYZER_NONNULL = YES;
				CLANG_ANALYZER_NUMBER_OBJECT_CONVERSION = YES_AGGRESSIVE;
				CLANG_CXX_LANGUAGE_STANDARD = "gnu++14";
				CLANG_CXX_LIBRARY = "libc++";
				CLANG_ENABLE_MODULES = YES;
				CLANG_ENABLE_OBJC_ARC = YES;
				CLANG_ENABLE_OBJC_WEAK = YES;
				CLANG_WARN_BLOCK_CAPTURE_AUTORELEASING = YES;
				CLANG_WARN_BOOL_CONVERSION = YES;
				CLANG_WARN_COMMA = YES;
				CLANG_WARN_CONSTANT_CONVERSION = YES;
				CLANG_WARN_DEPRECATED_OBJC_IMPLEMENTATIONS = YES;
				CLANG_WARN_DIRECT_OBJC_ISA_USAGE = YES_ERROR;
				CLANG_WARN_DOCUMENTATION_COMMENTS = YES;
				CLANG_WARN_EMPTY_BODY = YES;
				CLANG_WARN_ENUM_CONVERSION = YES;
				CLANG_WARN_INFINITE_RECURSION = YES;
				CLANG_WARN_INT_CONVERSION = YES;
				CLANG_WARN_NON_LITERAL_NULL_CONVERSION = YES;
				CLANG_WARN_OBJC_IMPLICIT_RETAIN_SELF = YES;
				CLANG_WARN_OBJC_LITERAL_CONVERSION = YES;
				CLANG_WARN_OBJC_ROOT_CLASS = YES_ERROR;
				CLANG_WARN_RANGE_LOOP_ANALYSIS = YES;
				CLANG_WARN_STRICT_PROTOTYPES = YES;
				CLANG_WARN_SUSPICIOUS_MOVE = YES;
				CLANG_WARN_UNGUARDED_AVAILABILITY = YES_AGGRESSIVE;
				CLANG_WARN_UNREACHABLE_CODE = YES;
				CLANG_WARN__DUPLICATE_METHOD_MATCH = YES;
				COPY_PHASE_STRIP = NO;
				DEBUG_INFORMATION_FORMAT = "dwarf-with-dsym";
				ENABLE_NS_ASSERTIONS = NO;
				ENABLE_STRICT_OBJC_MSGSEND = YES;
				GCC_C_LANGUAGE_STANDARD = gnu11;
				GCC_NO_COMMON_BLOCKS = YES;
				GCC_WARN_64_TO_32_BIT_CONVERSION = YES;
				GCC_WARN_ABOUT_RETURN_TYPE = YES_ERROR;
				GCC_WARN_UNDECLARED_SELECTOR = YES;
				GCC_WARN_UNINITIALIZED_AUTOS = YES_AGGRESSIVE;
				GCC_WARN_UNUSED_FUNCTION = YES;
				GCC_WARN_UNUSED_VARIABLE = YES;
				IPHONEOS_DEPLOYMENT_TARGET = 13.2;
				MTL_ENABLE_DEBUG_INFO = NO;
				MTL_FAST_MATH = YES;
				SDKROOT = iphoneos;
				SWIFT_COMPILATION_MODE = wholemodule;
				SWIFT_OPTIMIZATION_LEVEL = "-O";
				VALIDATE_PRODUCT = YES;
			};
			name = Release;
		};
		C28B075F243A06AD00026B03 /* Debug */ = {
			isa = XCBuildConfiguration;
			buildSettings = {
				ASSETCATALOG_COMPILER_APPICON_NAME = AppIcon;
				CODE_SIGN_STYLE = Automatic;
				DEVELOPMENT_TEAM = F65M79JPG8;
				INFOPLIST_FILE = TableView/Info.plist;
				LD_RUNPATH_SEARCH_PATHS = (
					"$(inherited)",
					"@executable_path/Frameworks",
				);
				PRODUCT_BUNDLE_IDENTIFIER = Identifier.TableView;
				PRODUCT_NAME = "$(TARGET_NAME)";
				SWIFT_VERSION = 5.0;
				TARGETED_DEVICE_FAMILY = "1,2";
			};
			name = Debug;
		};
		C28B0760243A06AD00026B03 /* Release */ = {
			isa = XCBuildConfiguration;
			buildSettings = {
				ASSETCATALOG_COMPILER_APPICON_NAME = AppIcon;
				CODE_SIGN_STYLE = Automatic;
				DEVELOPMENT_TEAM = F65M79JPG8;
				INFOPLIST_FILE = TableView/Info.plist;
				LD_RUNPATH_SEARCH_PATHS = (
					"$(inherited)",
					"@executable_path/Frameworks",
				);
				PRODUCT_BUNDLE_IDENTIFIER = Identifier.TableView;
				PRODUCT_NAME = "$(TARGET_NAME)";
				SWIFT_VERSION = 5.0;
				TARGETED_DEVICE_FAMILY = "1,2";
			};
			name = Release;
		};
/* End XCBuildConfiguration section */

/* Begin XCConfigurationList section */
		C28B0745243A06AC00026B03 /* Build configuration list for PBXProject "TableView" */ = {
			isa = XCConfigurationList;
			buildConfigurations = (
				C28B075C243A06AD00026B03 /* Debug */,
				C28B075D243A06AD00026B03 /* Release */,
			);
			defaultConfigurationIsVisible = 0;
			defaultConfigurationName = Release;
		};
		C28B075E243A06AD00026B03 /* Build configuration list for PBXNativeTarget "TableView" */ = {
			isa = XCConfigurationList;
			buildConfigurations = (
				C28B075F243A06AD00026B03 /* Debug */,
				C28B0760243A06AD00026B03 /* Release */,
			);
			defaultConfigurationIsVisible = 0;
			defaultConfigurationName = Release;
		};
/* End XCConfigurationList section */
	};
	rootObject = C28B0742243A06AC00026B03 /* Project object */;
}
